
Microsoft Visual Studio Solution File, Format Version 12.00
Project("{FAE04EC0-301F-11D3-BF4B-00C04F79EFBC}") = "InformationPlatform.Application", "InformationPlatform.Application\InformationPlatform.Application.csproj", "{927BE4EA-2502-4CD7-A98E-5BB8FA23F150}"
EndProject
Project("{FAE04EC0-301F-11D3-BF4B-00C04F79EFBC}") = "InformationPlatform.Domain", "InformationPlatform.Domain\InformationPlatform.Domain.csproj", "{B3AF630F-95DA-486F-8189-F76735418AE2}"
EndProject
Project("{FAE04EC0-301F-11D3-BF4B-00C04F79EFBC}") = "InformationPlatform.Repository", "InformationPlatform.Repository\InformationPlatform.Repository.csproj", "{4ED41150-5F06-4C04-9CEC-EC8A70FCD089}"
EndProject
Project("{FAE04EC0-301F-11D3-BF4B-00C04F79EFBC}") = "InformationPlatform.Database", "InformationPlatform.Database\InformationPlatform.Database.csproj", "{14E2B0BA-4370-42E8-91C1-21ED5ECE6E0E}"
EndProject
Project("{2150E333-8FDC-42A3-9474-1A3956D46DE8}") = "Templates", "Templates", "{BE2E5B73-FA6B-49E5-AED3-C50E2ACF114A}"
EndProject
Project("{FAE04EC0-301F-11D3-BF4B-00C04F79EFBC}") = "Templates", "Templates\Templates.csproj", "{829E994A-B299-4F3C-BD0E-5972BABE9CFB}"
EndProject
Global
	GlobalSection(SolutionConfigurationPlatforms) = preSolution
		Debug|Any CPU = Debug|Any CPU
		Release|Any CPU = Release|Any CPU
	EndGlobalSection
	GlobalSection(ProjectConfigurationPlatforms) = postSolution
		{927BE4EA-2502-4CD7-A98E-5BB8FA23F150}.Debug|Any CPU.ActiveCfg = Debug|Any CPU
		{927BE4EA-2502-4CD7-A98E-5BB8FA23F150}.Debug|Any CPU.Build.0 = Debug|Any CPU
		{927BE4EA-2502-4CD7-A98E-5BB8FA23F150}.Release|Any CPU.ActiveCfg = Release|Any CPU
		{927BE4EA-2502-4CD7-A98E-5BB8FA23F150}.Release|Any CPU.Build.0 = Release|Any CPU
		{B3AF630F-95DA-486F-8189-F76735418AE2}.Debug|Any CPU.ActiveCfg = Debug|Any CPU
		{B3AF630F-95DA-486F-8189-F76735418AE2}.Debug|Any CPU.Build.0 = Debug|Any CPU
		{B3AF630F-95DA-486F-8189-F76735418AE2}.Release|Any CPU.ActiveCfg = Release|Any CPU
		{B3AF630F-95DA-486F-8189-F76735418AE2}.Release|Any CPU.Build.0 = Release|Any CPU
		{4ED41150-5F06-4C04-9CEC-EC8A70FCD089}.Debug|Any CPU.ActiveCfg = Debug|Any CPU
		{4ED41150-5F06-4C04-9CEC-EC8A70FCD089}.Debug|Any CPU.Build.0 = Debug|Any CPU
		{4ED41150-5F06-4C04-9CEC-EC8A70FCD089}.Release|Any CPU.ActiveCfg = Release|Any CPU
		{4ED41150-5F06-4C04-9CEC-EC8A70FCD089}.Release|Any CPU.Build.0 = Release|Any CPU
		{14E2B0BA-4370-42E8-91C1-21ED5ECE6E0E}.Debug|Any CPU.ActiveCfg = Debug|Any CPU
		{14E2B0BA-4370-42E8-91C1-21ED5ECE6E0E}.Debug|Any CPU.Build.0 = Debug|Any CPU
		{14E2B0BA-4370-42E8-91C1-21ED5ECE6E0E}.Release|Any CPU.ActiveCfg = Release|Any CPU
		{14E2B0BA-4370-42E8-91C1-21ED5ECE6E0E}.Release|Any CPU.Build.0 = Release|Any CPU
		{829E994A-B299-4F3C-BD0E-5972BABE9CFB}.Debug|Any CPU.ActiveCfg = Debug|Any CPU
		{829E994A-B299-4F3C-BD0E-5972BABE9CFB}.Debug|Any CPU.Build.0 = Debug|Any CPU
		{829E994A-B299-4F3C-BD0E-5972BABE9CFB}.Release|Any CPU.ActiveCfg = Release|Any CPU
		{829E994A-B299-4F3C-BD0E-5972BABE9CFB}.Release|Any CPU.Build.0 = Release|Any CPU
	EndGlobalSection
	GlobalSection(NestedProjects) = preSolution
		{829E994A-B299-4F3C-BD0E-5972BABE9CFB} = {BE2E5B73-FA6B-49E5-AED3-C50E2ACF114A}
	EndGlobalSection
EndGlobal
